// !$*UTF8*$!
{
	archiveVersion = 1;
	classes = {
	};
	objectVersion = 77;
	objects = {

/* Begin PBXBuildFile section */
		0BAD3697E1AC691652AD5D03 /* SendaiGLabApp.swift in Sources */ = {isa = PBXBuildFile; fileRef = 41234A757A6A535C11DD800A /* SendaiGLabApp.swift */; };
		210F564EB19CC8FC2F109B91 /* SDGUI in Frameworks */ = {isa = PBXBuildFile; productRef = B10C1CEC652506FB6A2A274A /* SDGUI */; };
		2AE2BCD11548D82AF22F05EE /* test_outcrop.json in Resources */ = {isa = PBXBuildFile; fileRef = 3390B9CD745D97E73FDA1830 /* test_outcrop.json */; };
		52DE50367B8F9BF1542CF39E /* SDGPlatform in Frameworks */ = {isa = PBXBuildFile; productRef = 26DEE95F3289A53AC291AE69 /* SDGPlatform */; };
		61F36F87C2635298C66AEAD3 /* ContentView.swift in Sources */ = {isa = PBXBuildFile; fileRef = 3BE1339749E907F62D014261 /* ContentView.swift */; };
		7F18ADF68A6296BE43C84D36 /* Localizable.xcstrings in Resources */ = {isa = PBXBuildFile; fileRef = 5399CE9B1C20002EA549B2DC /* Localizable.xcstrings */; };
		A76D0AA1C444E67E1F3417E6 /* Assets.xcassets in Resources */ = {isa = PBXBuildFile; fileRef = 851EAE20BF238919AEF68AF7 /* Assets.xcassets */; };
		AEADBC39A744E5EFA2D2BBCC /* SDGCore in Frameworks */ = {isa = PBXBuildFile; productRef = E846777A7C002420F24EC68F /* SDGCore */; };
		F0303CC21118AF3D96C58136 /* SDGGameplay in Frameworks */ = {isa = PBXBuildFile; productRef = C24A883783D9DFBE2B604573 /* SDGGameplay */; };
/* End PBXBuildFile section */

/* Begin PBXFileReference section */
		0897607016453118E9871183 /* SDGPlatform */ = {isa = PBXFileReference; lastKnownFileType = folder; name = SDGPlatform; path = Packages/SDGPlatform; sourceTree = SOURCE_ROOT; };
		3373356DF7535D4925743435 /* SDGUI */ = {isa = PBXFileReference; lastKnownFileType = folder; name = SDGUI; path = Packages/SDGUI; sourceTree = SOURCE_ROOT; };
		3390B9CD745D97E73FDA1830 /* test_outcrop.json */ = {isa = PBXFileReference; lastKnownFileType = text.json; path = test_outcrop.json; sourceTree = "<group>"; };
		3BE1339749E907F62D014261 /* ContentView.swift */ = {isa = PBXFileReference; lastKnownFileType = sourcecode.swift; path = ContentView.swift; sourceTree = "<group>"; };
		41234A757A6A535C11DD800A /* SendaiGLabApp.swift */ = {isa = PBXFileReference; lastKnownFileType = sourcecode.swift; path = SendaiGLabApp.swift; sourceTree = "<group>"; };
		5399CE9B1C20002EA549B2DC /* Localizable.xcstrings */ = {isa = PBXFileReference; lastKnownFileType = text.json.xcstrings; path = Localizable.xcstrings; sourceTree = "<group>"; };
		7D6B5476525BB5980361D39A /* SDGGameplay */ = {isa = PBXFileReference; lastKnownFileType = folder; name = SDGGameplay; path = Packages/SDGGameplay; sourceTree = SOURCE_ROOT; };
		851EAE20BF238919AEF68AF7 /* Assets.xcassets */ = {isa = PBXFileReference; lastKnownFileType = folder.assetcatalog; path = Assets.xcassets; sourceTree = "<group>"; };
		BC798CEA09AB97A153A4BC27 /* SDGCore */ = {isa = PBXFileReference; lastKnownFileType = folder; name = SDGCore; path = Packages/SDGCore; sourceTree = SOURCE_ROOT; };
		D7453400397B5F3198F07DCB /* SendaiGLab.app */ = {isa = PBXFileReference; includeInIndex = 0; lastKnownFileType = wrapper.application; path = SendaiGLab.app; sourceTree = BUILT_PRODUCTS_DIR; };
		"TEMP_1E5C17BE-467D-4AF2-804F-90B469F612E1" /* LocalSigning.xcconfig */ = {isa = PBXFileReference; lastKnownFileType = text.xcconfig; path = LocalSigning.xcconfig; sourceTree = "<group>"; };
/* End PBXFileReference section */

/* Begin PBXFrameworksBuildPhase section */
		0502115409F57ED05908BA4F /* Frameworks */ = {
			isa = PBXFrameworksBuildPhase;
			buildActionMask = 2147483647;
			files = (
				AEADBC39A744E5EFA2D2BBCC /* SDGCore in Frameworks */,
				F0303CC21118AF3D96C58136 /* SDGGameplay in Frameworks */,
				210F564EB19CC8FC2F109B91 /* SDGUI in Frameworks */,
				52DE50367B8F9BF1542CF39E /* SDGPlatform in Frameworks */,
			);
			runOnlyForDeploymentPostprocessing = 0;
		};
/* End PBXFrameworksBuildPhase section */

/* Begin PBXGroup section */
		0F9CB74952C2D4E9F1409BF8 /* Geology */ = {
			isa = PBXGroup;
			children = (
				3390B9CD745D97E73FDA1830 /* test_outcrop.json */,
			);
			path = Geology;
			sourceTree = "<group>";
		};
		25B80FCFA0E89E5BA1A59B80 /* SendaiGLab */ = {
			isa = PBXGroup;
			children = (
				851EAE20BF238919AEF68AF7 /* Assets.xcassets */,
				3BE1339749E907F62D014261 /* ContentView.swift */,
				41234A757A6A535C11DD800A /* SendaiGLabApp.swift */,
			);
			path = SendaiGLab;
			sourceTree = "<group>";
		};
		29CDA6851987A0EA91242BAE = {
			isa = PBXGroup;
			children = (
				B4D329C318F3C02C2B23380A /* Packages */,
				6C2C573AACF2FE313C0BBEB1 /* Resources */,
				25B80FCFA0E89E5BA1A59B80 /* SendaiGLab */,
				4E02A08720BA0C08208661CD /* Products */,
			);
			sourceTree = "<group>";
		};
		4E02A08720BA0C08208661CD /* Products */ = {
			isa = PBXGroup;
			children = (
				D7453400397B5F3198F07DCB /* SendaiGLab.app */,
			);
			name = Products;
			sourceTree = "<group>";
		};
		6C2C573AACF2FE313C0BBEB1 /* Resources */ = {
			isa = PBXGroup;
			children = (
				0F9CB74952C2D4E9F1409BF8 /* Geology */,
				C1D16576498BE1FD9974CDE4 /* Localization */,
			);
			path = Resources;
			sourceTree = "<group>";
		};
		B4D329C318F3C02C2B23380A /* Packages */ = {
			isa = PBXGroup;
			children = (
				BC798CEA09AB97A153A4BC27 /* SDGCore */,
				7D6B5476525BB5980361D39A /* SDGGameplay */,
				0897607016453118E9871183 /* SDGPlatform */,
				3373356DF7535D4925743435 /* SDGUI */,
			);
			path = Packages;
			sourceTree = "<group>";
		};
		C1D16576498BE1FD9974CDE4 /* Localization */ = {
			isa = PBXGroup;
			children = (
				5399CE9B1C20002EA549B2DC /* Localizable.xcstrings */,
			);
			path = Localization;
			sourceTree = "<group>";
		};
		"TEMP_DE623D8F-9C03-4726-8E34-01F0AD09EE10" /* sendai_glab */ = {
			isa = PBXGroup;
			children = (
				"TEMP_1E5C17BE-467D-4AF2-804F-90B469F612E1" /* LocalSigning.xcconfig */,
			);
			path = sendai_glab;
			sourceTree = "<group>";
		};
/* End PBXGroup section */

/* Begin PBXNativeTarget section */
		0D75B5B4B1D79AE38DFB2EC0 /* SendaiGLab */ = {
			isa = PBXNativeTarget;
			buildConfigurationList = 574870A4F234F845F829ABF4 /* Build configuration list for PBXNativeTarget "SendaiGLab" */;
			buildPhases = (
				41C116943C8C9A0D12477981 /* Sources */,
				277FEA8EBA3FAAD9B1A68399 /* Resources */,
				0502115409F57ED05908BA4F /* Frameworks */,
			);
			buildRules = (
			);
			dependencies = (
			);
			name = SendaiGLab;
			packageProductDependencies = (
				E846777A7C002420F24EC68F /* SDGCore */,
				C24A883783D9DFBE2B604573 /* SDGGameplay */,
				B10C1CEC652506FB6A2A274A /* SDGUI */,
				26DEE95F3289A53AC291AE69 /* SDGPlatform */,
			);
			productName = SendaiGLab;
			productReference = D7453400397B5F3198F07DCB /* SendaiGLab.app */;
			productType = "com.apple.product-type.application";
		};
/* End PBXNativeTarget section */

/* Begin PBXProject section */
		9BDD0F46F705929339984CDA /* Project object */ = {
			isa = PBXProject;
			attributes = {
				BuildIndependentTargetsInParallel = YES;
				LastUpgradeCheck = 1500;
				TargetAttributes = {
					0D75B5B4B1D79AE38DFB2EC0 = {
						DevelopmentTeam = Y4FV6WUU4V;
						ProvisioningStyle = Automatic;
					};
				};
			};
			buildConfigurationList = 11D221BCD2288EA49F0AE828 /* Build configuration list for PBXProject "SendaiGLab" */;
			developmentRegion = en;
			hasScannedForEncodings = 0;
			knownRegions = (
				Base,
				en,
				ja,
				"zh-Hans",
			);
			mainGroup = 29CDA6851987A0EA91242BAE;
			minimizedProjectReferenceProxies = 1;
			packageReferences = (
				481CF4B51BD655E73CF1763C /* XCLocalSwiftPackageReference "Packages/SDGCore" */,
				1969A971C0CB17521A5521C6 /* XCLocalSwiftPackageReference "Packages/SDGGameplay" */,
				BFE882879F810DE4A04F6B5C /* XCLocalSwiftPackageReference "Packages/SDGPlatform" */,
				B82E142E6A98F97CB3799527 /* XCLocalSwiftPackageReference "Packages/SDGUI" */,
			);
			preferredProjectObjectVersion = 77;
			productRefGroup = 4E02A08720BA0C08208661CD /* Products */;
			projectDirPath = "";
			projectRoot = "";
			targets = (
				0D75B5B4B1D79AE38DFB2EC0 /* SendaiGLab */,
			);
		};
/* End PBXProject section */

/* Begin PBXResourcesBuildPhase section */
		277FEA8EBA3FAAD9B1A68399 /* Resources */ = {
			isa = PBXResourcesBuildPhase;
			buildActionMask = 2147483647;
			files = (
				A76D0AA1C444E67E1F3417E6 /* Assets.xcassets in Resources */,
				7F18ADF68A6296BE43C84D36 /* Localizable.xcstrings in Resources */,
				2AE2BCD11548D82AF22F05EE /* test_outcrop.json in Resources */,
			);
			runOnlyForDeploymentPostprocessing = 0;
		};
/* End PBXResourcesBuildPhase section */

/* Begin PBXSourcesBuildPhase section */
		41C116943C8C9A0D12477981 /* Sources */ = {
			isa = PBXSourcesBuildPhase;
			buildActionMask = 2147483647;
			files = (
				61F36F87C2635298C66AEAD3 /* ContentView.swift in Sources */,
				0BAD3697E1AC691652AD5D03 /* SendaiGLabApp.swift in Sources */,
			);
			runOnlyForDeploymentPostprocessing = 0;
		};
/* End PBXSourcesBuildPhase section */

/* Begin XCBuildConfiguration section */
		5AAF9D3411E71AFAEE721073 /* Debug */ = {
			isa = XCBuildConfiguration;
			buildSettings = {
				ALWAYS_SEARCH_USER_PATHS = NO;
				CLANG_ANALYZER_NONNULL = YES;
				CLANG_ANALYZER_NUMBER_OBJECT_CONVERSION = YES_AGGRESSIVE;
				CLANG_CXX_LANGUAGE_STANDARD = "gnu++14";
				CLANG_CXX_LIBRARY = "libc++";
				CLANG_ENABLE_MODULES = YES;
				CLANG_ENABLE_OBJC_ARC = YES;
				CLANG_ENABLE_OBJC_WEAK = YES;
				CLANG_WARN_BLOCK_CAPTURE_AUTORELEASING = YES;
				CLANG_WARN_BOOL_CONVERSION = YES;
				CLANG_WARN_COMMA = YES;
				CLANG_WARN_CONSTANT_CONVERSION = YES;
				CLANG_WARN_DEPRECATED_OBJC_IMPLEMENTATIONS = YES;
				CLANG_WARN_DIRECT_OBJC_ISA_USAGE = YES_ERROR;
				CLANG_WARN_DOCUMENTATION_COMMENTS = YES;
				CLANG_WARN_EMPTY_BODY = YES;
				CLANG_WARN_ENUM_CONVERSION = YES;
				CLANG_WARN_INFINITE_RECURSION = YES;
				CLANG_WARN_INT_CONVERSION = YES;
				CLANG_WARN_NON_LITERAL_NULL_CONVERSION = YES;
				CLANG_WARN_OBJC_IMPLICIT_RETAIN_SELF = YES;
				CLANG_WARN_OBJC_LITERAL_CONVERSION = YES;
				CLANG_WARN_OBJC_ROOT_CLASS = YES_ERROR;
				CLANG_WARN_QUOTED_INCLUDE_IN_FRAMEWORK_HEADER = YES;
				CLANG_WARN_RANGE_LOOP_ANALYSIS = YES;
				CLANG_WARN_STRICT_PROTOTYPES = YES;
				CLANG_WARN_SUSPICIOUS_MOVE = YES;
				CLANG_WARN_UNGUARDED_AVAILABILITY = YES_AGGRESSIVE;
				CLANG_WARN_UNREACHABLE_CODE = YES;
				CLANG_WARN__DUPLICATE_METHOD_MATCH = YES;
				COPY_PHASE_STRIP = NO;
				CURRENT_PROJECT_VERSION = 1;
				DEBUG_INFORMATION_FORMAT = dwarf;
				ENABLE_STRICT_OBJC_MSGSEND = YES;
				ENABLE_TESTABILITY = YES;
				ENABLE_USER_SCRIPT_SANDBOXING = YES;
				GCC_C_LANGUAGE_STANDARD = gnu11;
				GCC_DYNAMIC_NO_PIC = NO;
				GCC_NO_COMMON_BLOCKS = YES;
				GCC_OPTIMIZATION_LEVEL = 0;
				GCC_PREPROCESSOR_DEFINITIONS = (
					"$(inherited)",
					"DEBUG=1",
				);
				GCC_WARN_64_TO_32_BIT_CONVERSION = YES;
				GCC_WARN_ABOUT_RETURN_TYPE = YES_ERROR;
				GCC_WARN_UNDECLARED_SELECTOR = YES;
				GCC_WARN_UNINITIALIZED_AUTOS = YES_AGGRESSIVE;
				GCC_WARN_UNUSED_FUNCTION = YES;
				GCC_WARN_UNUSED_VARIABLE = YES;
				IPHONEOS_DEPLOYMENT_TARGET = 18.0;
				MARKETING_VERSION = 0.1.0;
				MTL_ENABLE_DEBUG_INFO = INCLUDE_SOURCE;
				MTL_FAST_MATH = YES;
				ONLY_ACTIVE_ARCH = YES;
				PRODUCT_NAME = "$(TARGET_NAME)";
				SDKROOT = iphoneos;
				SWIFT_ACTIVE_COMPILATION_CONDITIONS = DEBUG;
				SWIFT_OPTIMIZATION_LEVEL = "-Onone";
				SWIFT_STRICT_CONCURRENCY = complete;
				SWIFT_VERSION = 5.0;
			};
			name = Debug;
		};
		A18825CECF467420BB9E11DC /* Release */ = {
			isa = XCBuildConfiguration;
			baseConfigurationReference = "TEMP_1E5C17BE-467D-4AF2-804F-90B469F612E1" /* LocalSigning.xcconfig */;
			buildSettings = {
				ASSETCATALOG_COMPILER_APPICON_NAME = AppIcon;
				ASSETCATALOG_COMPILER_GLOBAL_ACCENT_COLOR_NAME = AccentColor;
				CODE_SIGN_IDENTITY = "iPhone Developer";
				GENERATE_INFOPLIST_FILE = YES;
				INFOPLIST_KEY_CFBundleDisplayName = "SDG-Lab";
				INFOPLIST_KEY_LSApplicationCategoryType = "public.app-category.education";
				INFOPLIST_KEY_UIApplicationSceneManifest_Generation = YES;
				INFOPLIST_KEY_UIApplicationSupportsIndirectInputEvents = YES;
				INFOPLIST_KEY_UILaunchScreen_Generation = YES;
				INFOPLIST_KEY_UIRequiresFullScreen = YES;
				INFOPLIST_KEY_UISupportedInterfaceOrientations = "UIInterfaceOrientationLandscapeLeft UIInterfaceOrientationLandscapeRight";
				INFOPLIST_KEY_UISupportedInterfaceOrientations_iPad = "UIInterfaceOrientationLandscapeLeft UIInterfaceOrientationLandscapeRight";
				IPHONEOS_DEPLOYMENT_TARGET = 18.0;
				LD_RUNPATH_SEARCH_PATHS = (
					"$(inherited)",
					"@executable_path/Frameworks",
				);
				PRODUCT_BUNDLE_IDENTIFIER = "jp.tohoku-gakuin.fshera.sendai-glab";
				PRODUCT_NAME = SendaiGLab;
				SDKROOT = iphoneos;
				TARGETED_DEVICE_FAMILY = "1,2";
			};
			name = Release;
		};
		F5DADD0256D10C81F8E21E99 /* Release */ = {
			isa = XCBuildConfiguration;
			buildSettings = {
				ALWAYS_SEARCH_USER_PATHS = NO;
				CLANG_ANALYZER_NONNULL = YES;
				CLANG_ANALYZER_NUMBER_OBJECT_CONVERSION = YES_AGGRESSIVE;
				CLANG_CXX_LANGUAGE_STANDARD = "gnu++14";
				CLANG_CXX_LIBRARY = "libc++";
				CLANG_ENABLE_MODULES = YES;
				CLANG_ENABLE_OBJC_ARC = YES;
				CLANG_ENABLE_OBJC_WEAK = YES;
				CLANG_WARN_BLOCK_CAPTURE_AUTORELEASING = YES;
				CLANG_WARN_BOOL_CONVERSION = YES;
				CLANG_WARN_COMMA = YES;
				CLANG_WARN_CONSTANT_CONVERSION = YES;
				CLANG_WARN_DEPRECATED_OBJC_IMPLEMENTATIONS = YES;
				CLANG_WARN_DIRECT_OBJC_ISA_USAGE = YES_ERROR;
				CLANG_WARN_DOCUMENTATION_COMMENTS = YES;
				CLANG_WARN_EMPTY_BODY = YES;
				CLANG_WARN_ENUM_CONVERSION = YES;
				CLANG_WARN_INFINITE_RECURSION = YES;
				CLANG_WARN_INT_CONVERSION = YES;
				CLANG_WARN_NON_LITERAL_NULL_CONVERSION = YES;
				CLANG_WARN_OBJC_IMPLICIT_RETAIN_SELF = YES;
				CLANG_WARN_OBJC_LITERAL_CONVERSION = YES;
				CLANG_WARN_OBJC_ROOT_CLASS = YES_ERROR;
				CLANG_WARN_QUOTED_INCLUDE_IN_FRAMEWORK_HEADER = YES;
				CLANG_WARN_RANGE_LOOP_ANALYSIS = YES;
				CLANG_WARN_STRICT_PROTOTYPES = YES;
				CLANG_WARN_SUSPICIOUS_MOVE = YES;
				CLANG_WARN_UNGUARDED_AVAILABILITY = YES_AGGRESSIVE;
				CLANG_WARN_UNREACHABLE_CODE = YES;
				CLANG_WARN__DUPLICATE_METHOD_MATCH = YES;
				COPY_PHASE_STRIP = NO;
				CURRENT_PROJECT_VERSION = 1;
				DEBUG_INFORMATION_FORMAT = "dwarf-with-dsym";
				ENABLE_NS_ASSERTIONS = NO;
				ENABLE_STRICT_OBJC_MSGSEND = YES;
				ENABLE_USER_SCRIPT_SANDBOXING = YES;
				GCC_C_LANGUAGE_STANDARD = gnu11;
				GCC_NO_COMMON_BLOCKS = YES;
				GCC_WARN_64_TO_32_BIT_CONVERSION = YES;
				GCC_WARN_ABOUT_RETURN_TYPE = YES_ERROR;
				GCC_WARN_UNDECLARED_SELECTOR = YES;
				GCC_WARN_UNINITIALIZED_AUTOS = YES_AGGRESSIVE;
				GCC_WARN_UNUSED_FUNCTION = YES;
				GCC_WARN_UNUSED_VARIABLE = YES;
				IPHONEOS_DEPLOYMENT_TARGET = 18.0;
				MARKETING_VERSION = 0.1.0;
				MTL_ENABLE_DEBUG_INFO = NO;
				MTL_FAST_MATH = YES;
				PRODUCT_NAME = "$(TARGET_NAME)";
				SDKROOT = iphoneos;
				SWIFT_COMPILATION_MODE = wholemodule;
				SWIFT_OPTIMIZATION_LEVEL = "-O";
				SWIFT_STRICT_CONCURRENCY = complete;
				SWIFT_VERSION = 5.0;
			};
			name = Release;
		};
		FD7DEEC2B67B5D0A13C5A26E /* Debug */ = {
			isa = XCBuildConfiguration;
			baseConfigurationReference = "TEMP_1E5C17BE-467D-4AF2-804F-90B469F612E1" /* LocalSigning.xcconfig */;
			buildSettings = {
				ASSETCATALOG_COMPILER_APPICON_NAME = AppIcon;
				ASSETCATALOG_COMPILER_GLOBAL_ACCENT_COLOR_NAME = AccentColor;
				CODE_SIGN_IDENTITY = "iPhone Developer";
				GENERATE_INFOPLIST_FILE = YES;
				INFOPLIST_KEY_CFBundleDisplayName = "SDG-Lab";
				INFOPLIST_KEY_LSApplicationCategoryType = "public.app-category.education";
				INFOPLIST_KEY_UIApplicationSceneManifest_Generation = YES;
				INFOPLIST_KEY_UIApplicationSupportsIndirectInputEvents = YES;
				INFOPLIST_KEY_UILaunchScreen_Generation = YES;
				INFOPLIST_KEY_UIRequiresFullScreen = YES;
				INFOPLIST_KEY_UISupportedInterfaceOrientations = "UIInterfaceOrientationLandscapeLeft UIInterfaceOrientationLandscapeRight";
				INFOPLIST_KEY_UISupportedInterfaceOrientations_iPad = "UIInterfaceOrientationLandscapeLeft UIInterfaceOrientationLandscapeRight";
				IPHONEOS_DEPLOYMENT_TARGET = 18.0;
				LD_RUNPATH_SEARCH_PATHS = (
					"$(inherited)",
					"@executable_path/Frameworks",
				);
				PRODUCT_BUNDLE_IDENTIFIER = "jp.tohoku-gakuin.fshera.sendai-glab";
				PRODUCT_NAME = SendaiGLab;
				SDKROOT = iphoneos;
				TARGETED_DEVICE_FAMILY = "1,2";
			};
			name = Debug;
		};
/* End XCBuildConfiguration section */

/* Begin XCConfigurationList section */
		11D221BCD2288EA49F0AE828 /* Build configuration list for PBXProject "SendaiGLab" */ = {
			isa = XCConfigurationList;
			buildConfigurations = (
				5AAF9D3411E71AFAEE721073 /* Debug */,
				F5DADD0256D10C81F8E21E99 /* Release */,
			);
			defaultConfigurationIsVisible = 0;
			defaultConfigurationName = Debug;
		};
		574870A4F234F845F829ABF4 /* Build configuration list for PBXNativeTarget "SendaiGLab" */ = {
			isa = XCConfigurationList;
			buildConfigurations = (
				FD7DEEC2B67B5D0A13C5A26E /* Debug */,
				A18825CECF467420BB9E11DC /* Release */,
			);
			defaultConfigurationIsVisible = 0;
			defaultConfigurationName = Debug;
		};
/* End XCConfigurationList section */

/* Begin XCLocalSwiftPackageReference section */
		1969A971C0CB17521A5521C6 /* XCLocalSwiftPackageReference "Packages/SDGGameplay" */ = {
			isa = XCLocalSwiftPackageReference;
			relativePath = Packages/SDGGameplay;
		};
		481CF4B51BD655E73CF1763C /* XCLocalSwiftPackageReference "Packages/SDGCore" */ = {
			isa = XCLocalSwiftPackageReference;
			relativePath = Packages/SDGCore;
		};
		B82E142E6A98F97CB3799527 /* XCLocalSwiftPackageReference "Packages/SDGUI" */ = {
			isa = XCLocalSwiftPackageReference;
			relativePath = Packages/SDGUI;
		};
		BFE882879F810DE4A04F6B5C /* XCLocalSwiftPackageReference "Packages/SDGPlatform" */ = {
			isa = XCLocalSwiftPackageReference;
			relativePath = Packages/SDGPlatform;
		};
/* End XCLocalSwiftPackageReference section */

/* Begin XCSwiftPackageProductDependency section */
		26DEE95F3289A53AC291AE69 /* SDGPlatform */ = {
			isa = XCSwiftPackageProductDependency;
			productName = SDGPlatform;
		};
		B10C1CEC652506FB6A2A274A /* SDGUI */ = {
			isa = XCSwiftPackageProductDependency;
			productName = SDGUI;
		};
		C24A883783D9DFBE2B604573 /* SDGGameplay */ = {
			isa = XCSwiftPackageProductDependency;
			productName = SDGGameplay;
		};
		E846777A7C002420F24EC68F /* SDGCore */ = {
			isa = XCSwiftPackageProductDependency;
			productName = SDGCore;
		};
/* End XCSwiftPackageProductDependency section */
	};
	rootObject = 9BDD0F46F705929339984CDA /* Project object */;
}
