// !$*UTF8*$!
{
	archiveVersion = 1;
	classes = {
	};
	objectVersion = 77;
	objects = {

/* Begin PBXBuildFile section */
		03B5A3133371A450049720F5 /* quest2.1.json in Resources */ = {isa = PBXBuildFile; fileRef = 8694CF5E24F321065A468DCB /* quest2.1.json */; };
		04B3683B6E5B8D9840A85098 /* quest5.1.json in Resources */ = {isa = PBXBuildFile; fileRef = 6FC93FAA121F5D7CB7AC4389 /* quest5.1.json */; };
		0BAD3697E1AC691652AD5D03 /* SendaiGLabApp.swift in Sources */ = {isa = PBXBuildFile; fileRef = 41234A757A6A535C11DD800A /* SendaiGLabApp.swift */; };
		10FC540E82B51BE63A50131E /* quest1.1.json in Resources */ = {isa = PBXBuildFile; fileRef = 72C6241A56F5D88A94E4A580 /* quest1.1.json */; };
		210F564EB19CC8FC2F109B91 /* SDGUI in Frameworks */ = {isa = PBXBuildFile; productRef = B10C1CEC652506FB6A2A274A /* SDGUI */; };
		223210821C709E682F2842B1 /* Feedback_Success.m4a in Resources */ = {isa = PBXBuildFile; fileRef = A4E53C6AEDBDB842F970D0D1 /* Feedback_Success.m4a */; };
		250D4A4C4F03E93C6EE26BC5 /* quest4.4.json in Resources */ = {isa = PBXBuildFile; fileRef = 8B71EDC43A63EF5504A8E0E5 /* quest4.4.json */; };
		2AE2BCD11548D82AF22F05EE /* test_outcrop.json in Resources */ = {isa = PBXBuildFile; fileRef = 3390B9CD745D97E73FDA1830 /* test_outcrop.json */; };
		3785C88F163A60111210F00C /* quest3.3.json in Resources */ = {isa = PBXBuildFile; fileRef = 31FB820BBDC01621FF01B22F /* quest3.3.json */; };
		387C4B0964DC762ACD2A17C1 /* quest5.2.json in Resources */ = {isa = PBXBuildFile; fileRef = E02A0D5CED6B12495C6BB963 /* quest5.2.json */; };
		3B662349F040996DEF82197F /* Footstep_Grass_02.m4a in Resources */ = {isa = PBXBuildFile; fileRef = 0DDBDBD92ACC78B7C85A30FD /* Footstep_Grass_02.m4a */; };
		3B7CFBC49966E0840945666B /* Environment_Sendai_57403618.usdz in Resources */ = {isa = PBXBuildFile; fileRef = F44D2E0DFA8A57D80924E844 /* Environment_Sendai_57403618.usdz */; };
		3E5C782462B12E605935F4DB /* Feedback_Notify.m4a in Resources */ = {isa = PBXBuildFile; fileRef = C4E0D8CEF0F48C28090E9BC0 /* Feedback_Notify.m4a */; };
		4741F33A9BC4D9CA2F1EB939 /* Footstep_Concrete_01.m4a in Resources */ = {isa = PBXBuildFile; fileRef = 80AA544620317771F9A1EC52 /* Footstep_Concrete_01.m4a */; };
		52DE50367B8F9BF1542CF39E /* SDGPlatform in Frameworks */ = {isa = PBXBuildFile; productRef = 26DEE95F3289A53AC291AE69 /* SDGPlatform */; };
		540DDB64E0056D9F522EDF0F /* Feedback_Chime.m4a in Resources */ = {isa = PBXBuildFile; fileRef = C4CF95C416CE0D4B7031CBC9 /* Feedback_Chime.m4a */; };
		55ED3669A9819E3A533D31C3 /* Character_Player_Male.usdz in Resources */ = {isa = PBXBuildFile; fileRef = 17CE82E0BEA3B9A5F70CD1FB /* Character_Player_Male.usdz */; };
		5E1FA91B743B4C35FA036697 /* UI_Toggle.m4a in Resources */ = {isa = PBXBuildFile; fileRef = 7CB12A14AE704CF15446E404 /* UI_Toggle.m4a */; };
		60F8CBD4A9E72CF453F3478D /* Character_ResearcherA.usdz in Resources */ = {isa = PBXBuildFile; fileRef = 9C889609AF12318D3CD91D52 /* Character_ResearcherA.usdz */; };
		61F36F87C2635298C66AEAD3 /* ContentView.swift in Sources */ = {isa = PBXBuildFile; fileRef = 3BE1339749E907F62D014261 /* ContentView.swift */; };
		712DEE5923CA0DAFBDED555B /* README.md in Resources */ = {isa = PBXBuildFile; fileRef = 251BDC17B567DF595E5C66BE /* README.md */; };
		7F18ADF68A6296BE43C84D36 /* Localizable.xcstrings in Resources */ = {isa = PBXBuildFile; fileRef = 5399CE9B1C20002EA549B2DC /* Localizable.xcstrings */; };
		81853AD18EAA8AEF31FEA713 /* UI_TabSelect.m4a in Resources */ = {isa = PBXBuildFile; fileRef = 0A1875407BFAC1C39768B20D /* UI_TabSelect.m4a */; };
		8543E3EE190203FF9A22A799 /* UI_Hover.m4a in Resources */ = {isa = PBXBuildFile; fileRef = 3DD8C9D91DE57856CBF17ACB /* UI_Hover.m4a */; };
		892F22E92E731A07067567FB /* UI_Tap.m4a in Resources */ = {isa = PBXBuildFile; fileRef = 02A05DDEE66B535D8BB3BFFF /* UI_Tap.m4a */; };
		899ECDE4C6FA3DE8EDF66C79 /* Footstep_Concrete_02.m4a in Resources */ = {isa = PBXBuildFile; fileRef = 12C8D9271B17A21249403187 /* Footstep_Concrete_02.m4a */; };
		93032124B706821CE7A72907 /* Environment_Sendai_57403608.usdz in Resources */ = {isa = PBXBuildFile; fileRef = 4C1352849943FF91A9EAC417 /* Environment_Sendai_57403608.usdz */; };
		93C0F17EEF9F06E64C4447FE /* quest4.2.json in Resources */ = {isa = PBXBuildFile; fileRef = 3C74AFDD59667CEFCD48CFBD /* quest4.2.json */; };
		9A7E1B5DCC8D73B7D91F1C1D /* Drill_Impact_03.m4a in Resources */ = {isa = PBXBuildFile; fileRef = 0D99A76AD617BCF64659B079 /* Drill_Impact_03.m4a */; };
		9F2252C766F8558C6812B20E /* UI_Close.m4a in Resources */ = {isa = PBXBuildFile; fileRef = 12FA317EACC3ECD1C4F5D1FD /* UI_Close.m4a */; };
		A0A7B31ECC15FA88F48827B7 /* Environment_Sendai_57403617.usdz in Resources */ = {isa = PBXBuildFile; fileRef = 2EDB22760868C5AFF2A9BAFA /* Environment_Sendai_57403617.usdz */; };
		A76D0AA1C444E67E1F3417E6 /* Assets.xcassets in Resources */ = {isa = PBXBuildFile; fileRef = 851EAE20BF238919AEF68AF7 /* Assets.xcassets */; };
		A8DF6224E14598E7C667A5DF /* Character_Teacher.usdz in Resources */ = {isa = PBXBuildFile; fileRef = FA0FDF6FAB87BB1B12B37139 /* Character_Teacher.usdz */; };
		AAB6B2702332A598CC1DA95B /* Drill_Impact_04.m4a in Resources */ = {isa = PBXBuildFile; fileRef = DC78C97E4E02A9D3F86E38A1 /* Drill_Impact_04.m4a */; };
		AEADBC39A744E5EFA2D2BBCC /* SDGCore in Frameworks */ = {isa = PBXBuildFile; productRef = E846777A7C002420F24EC68F /* SDGCore */; };
		B0091DB3525751D9587EC08C /* quest1.2.json in Resources */ = {isa = PBXBuildFile; fileRef = D859A25E10C0ABACFD92FBA4 /* quest1.2.json */; };
		B2C7A3BD48451E73454B604E /* Footstep_Grass_01.m4a in Resources */ = {isa = PBXBuildFile; fileRef = 52AAECA8BA8AB48ECD87F0ED /* Footstep_Grass_01.m4a */; };
		B335D79E478BB634C04D9897 /* thin_section_index.json in Resources */ = {isa = PBXBuildFile; fileRef = 1A3AD22026AC2B0BF0D748B8 /* thin_section_index.json */; };
		B6ACA1C2C812E8F0FCF68663 /* quest3.1.json in Resources */ = {isa = PBXBuildFile; fileRef = 44A5A1F726F900CD04DA0F77 /* quest3.1.json */; };
		B8355E90552EC3A03541E7F1 /* UI_Open.m4a in Resources */ = {isa = PBXBuildFile; fileRef = EC91E144116FC0A33EB5D676 /* UI_Open.m4a */; };
		BB4C4CEE27C14BE55FBC893D /* UI_TapAlt.m4a in Resources */ = {isa = PBXBuildFile; fileRef = 9F9D3DAE9D560613A22B42DC /* UI_TapAlt.m4a */; };
		BD8CA558B00226E0964ACCF6 /* Character_Kaede.usdz in Resources */ = {isa = PBXBuildFile; fileRef = 80AE94C5C9B31EC53A76E503 /* Character_Kaede.usdz */; };
		C6333C8E720A934480D3B15B /* quest4.3.json in Resources */ = {isa = PBXBuildFile; fileRef = C6421128B83CF093D2E6248E /* quest4.3.json */; };
		C89F3D017DBD84B5DEB464F0 /* Environment_Sendai_57403619.usdz in Resources */ = {isa = PBXBuildFile; fileRef = BC44983C01DA4BCC2F43AAA6 /* Environment_Sendai_57403619.usdz */; };
		CD9441844CAF776C54A7B5A9 /* quest4.1.json in Resources */ = {isa = PBXBuildFile; fileRef = 6A711DA49E85E14532802171 /* quest4.1.json */; };
		CDA01359F898F842D1D4D5ED /* Drill_Impact_01.m4a in Resources */ = {isa = PBXBuildFile; fileRef = 8F42CB691D223AE00736EADA /* Drill_Impact_01.m4a */; };
		D43F7487D8832A74EDA27075 /* Footstep_Wood_02.m4a in Resources */ = {isa = PBXBuildFile; fileRef = B973E0356C5CA1D62A3CF3F2 /* Footstep_Wood_02.m4a */; };
		D85EA31F113AE03AF0AA3AA6 /* Drill_Metal_Heavy.m4a in Resources */ = {isa = PBXBuildFile; fileRef = A2BF47CD2A4EA6E865E1D0FA /* Drill_Metal_Heavy.m4a */; };
		D990E3838AF22D0D300F6EBE /* quest3.4.json in Resources */ = {isa = PBXBuildFile; fileRef = 7A5F28FEF326E542A6D1CA12 /* quest3.4.json */; };
		DAB2FE8F777F9E3C4EC80CE6 /* Terrain_Sendai_574036_05.usdz in Resources */ = {isa = PBXBuildFile; fileRef = 5563C4CE1C0F144D04AB518C /* Terrain_Sendai_574036_05.usdz */; };
		E1A0ADE8EA224109B8FFE37A /* quest6.1.json in Resources */ = {isa = PBXBuildFile; fileRef = 5A8B15CCA68671602561A120 /* quest6.1.json */; };
		EE238305E0BCD8BA351989DB /* Environment_Sendai_57403607.usdz in Resources */ = {isa = PBXBuildFile; fileRef = B69B33769D1B45FAA1FDE025 /* Environment_Sendai_57403607.usdz */; };
		F0303CC21118AF3D96C58136 /* SDGGameplay in Frameworks */ = {isa = PBXBuildFile; productRef = C24A883783D9DFBE2B604573 /* SDGGameplay */; };
		F2E9DCF251FD73E77827664D /* Drill_Impact_02.m4a in Resources */ = {isa = PBXBuildFile; fileRef = 35F0A6D1D04A690E39266574 /* Drill_Impact_02.m4a */; };
		F2EF95FE30029B6EC9D6D1B9 /* quest3.2.json in Resources */ = {isa = PBXBuildFile; fileRef = ADC81C83A1C4AEE3175722E8 /* quest3.2.json */; };
		F403E35F26DA747625116E91 /* Footstep_Wood_01.m4a in Resources */ = {isa = PBXBuildFile; fileRef = 31266953DD7B04E4FDEFAC52 /* Footstep_Wood_01.m4a */; };
		FC21BC847E9537DCB0FF99B7 /* Feedback_Failure.m4a in Resources */ = {isa = PBXBuildFile; fileRef = 006F88F90188A939A3CB7CD0 /* Feedback_Failure.m4a */; };
		FFC42E8C6CC120E4815395CF /* Character_Player_Female.usdz in Resources */ = {isa = PBXBuildFile; fileRef = 99EF933E109C812FADAFBB8A /* Character_Player_Female.usdz */; };
/* End PBXBuildFile section */

/* Begin PBXFileReference section */
		006F88F90188A939A3CB7CD0 /* Feedback_Failure.m4a */ = {isa = PBXFileReference; path = Feedback_Failure.m4a; sourceTree = "<group>"; };
		02A05DDEE66B535D8BB3BFFF /* UI_Tap.m4a */ = {isa = PBXFileReference; path = UI_Tap.m4a; sourceTree = "<group>"; };
		0897607016453118E9871183 /* SDGPlatform */ = {isa = PBXFileReference; lastKnownFileType = folder; name = SDGPlatform; path = Packages/SDGPlatform; sourceTree = SOURCE_ROOT; };
		0A1875407BFAC1C39768B20D /* UI_TabSelect.m4a */ = {isa = PBXFileReference; path = UI_TabSelect.m4a; sourceTree = "<group>"; };
		0D99A76AD617BCF64659B079 /* Drill_Impact_03.m4a */ = {isa = PBXFileReference; path = Drill_Impact_03.m4a; sourceTree = "<group>"; };
		0DDBDBD92ACC78B7C85A30FD /* Footstep_Grass_02.m4a */ = {isa = PBXFileReference; path = Footstep_Grass_02.m4a; sourceTree = "<group>"; };
		12C8D9271B17A21249403187 /* Footstep_Concrete_02.m4a */ = {isa = PBXFileReference; path = Footstep_Concrete_02.m4a; sourceTree = "<group>"; };
		12FA317EACC3ECD1C4F5D1FD /* UI_Close.m4a */ = {isa = PBXFileReference; path = UI_Close.m4a; sourceTree = "<group>"; };
		17CE82E0BEA3B9A5F70CD1FB /* Character_Player_Male.usdz */ = {isa = PBXFileReference; lastKnownFileType = file.usdz; path = Character_Player_Male.usdz; sourceTree = "<group>"; };
		1A3AD22026AC2B0BF0D748B8 /* thin_section_index.json */ = {isa = PBXFileReference; lastKnownFileType = text.json; path = thin_section_index.json; sourceTree = "<group>"; };
		251BDC17B567DF595E5C66BE /* README.md */ = {isa = PBXFileReference; lastKnownFileType = net.daringfireball.markdown; path = README.md; sourceTree = "<group>"; };
		2EDB22760868C5AFF2A9BAFA /* Environment_Sendai_57403617.usdz */ = {isa = PBXFileReference; lastKnownFileType = file.usdz; path = Environment_Sendai_57403617.usdz; sourceTree = "<group>"; };
		31266953DD7B04E4FDEFAC52 /* Footstep_Wood_01.m4a */ = {isa = PBXFileReference; path = Footstep_Wood_01.m4a; sourceTree = "<group>"; };
		31FB820BBDC01621FF01B22F /* quest3.3.json */ = {isa = PBXFileReference; lastKnownFileType = text.json; path = quest3.3.json; sourceTree = "<group>"; };
		3373356DF7535D4925743435 /* SDGUI */ = {isa = PBXFileReference; lastKnownFileType = folder; name = SDGUI; path = Packages/SDGUI; sourceTree = SOURCE_ROOT; };
		3390B9CD745D97E73FDA1830 /* test_outcrop.json */ = {isa = PBXFileReference; lastKnownFileType = text.json; path = test_outcrop.json; sourceTree = "<group>"; };
		35F0A6D1D04A690E39266574 /* Drill_Impact_02.m4a */ = {isa = PBXFileReference; path = Drill_Impact_02.m4a; sourceTree = "<group>"; };
		3BE1339749E907F62D014261 /* ContentView.swift */ = {isa = PBXFileReference; lastKnownFileType = sourcecode.swift; path = ContentView.swift; sourceTree = "<group>"; };
		3C74AFDD59667CEFCD48CFBD /* quest4.2.json */ = {isa = PBXFileReference; lastKnownFileType = text.json; path = quest4.2.json; sourceTree = "<group>"; };
		3DD8C9D91DE57856CBF17ACB /* UI_Hover.m4a */ = {isa = PBXFileReference; path = UI_Hover.m4a; sourceTree = "<group>"; };
		41234A757A6A535C11DD800A /* SendaiGLabApp.swift */ = {isa = PBXFileReference; lastKnownFileType = sourcecode.swift; path = SendaiGLabApp.swift; sourceTree = "<group>"; };
		44A5A1F726F900CD04DA0F77 /* quest3.1.json */ = {isa = PBXFileReference; lastKnownFileType = text.json; path = quest3.1.json; sourceTree = "<group>"; };
		4C1352849943FF91A9EAC417 /* Environment_Sendai_57403608.usdz */ = {isa = PBXFileReference; lastKnownFileType = file.usdz; path = Environment_Sendai_57403608.usdz; sourceTree = "<group>"; };
		52AAECA8BA8AB48ECD87F0ED /* Footstep_Grass_01.m4a */ = {isa = PBXFileReference; path = Footstep_Grass_01.m4a; sourceTree = "<group>"; };
		5399CE9B1C20002EA549B2DC /* Localizable.xcstrings */ = {isa = PBXFileReference; lastKnownFileType = text.json.xcstrings; path = Localizable.xcstrings; sourceTree = "<group>"; };
		5563C4CE1C0F144D04AB518C /* Terrain_Sendai_574036_05.usdz */ = {isa = PBXFileReference; lastKnownFileType = file.usdz; path = Terrain_Sendai_574036_05.usdz; sourceTree = "<group>"; };
		5A8B15CCA68671602561A120 /* quest6.1.json */ = {isa = PBXFileReference; lastKnownFileType = text.json; path = quest6.1.json; sourceTree = "<group>"; };
		6A711DA49E85E14532802171 /* quest4.1.json */ = {isa = PBXFileReference; lastKnownFileType = text.json; path = quest4.1.json; sourceTree = "<group>"; };
		6FC93FAA121F5D7CB7AC4389 /* quest5.1.json */ = {isa = PBXFileReference; lastKnownFileType = text.json; path = quest5.1.json; sourceTree = "<group>"; };
		72C6241A56F5D88A94E4A580 /* quest1.1.json */ = {isa = PBXFileReference; lastKnownFileType = text.json; path = quest1.1.json; sourceTree = "<group>"; };
		7A5F28FEF326E542A6D1CA12 /* quest3.4.json */ = {isa = PBXFileReference; lastKnownFileType = text.json; path = quest3.4.json; sourceTree = "<group>"; };
		7CB12A14AE704CF15446E404 /* UI_Toggle.m4a */ = {isa = PBXFileReference; path = UI_Toggle.m4a; sourceTree = "<group>"; };
		7D6B5476525BB5980361D39A /* SDGGameplay */ = {isa = PBXFileReference; lastKnownFileType = folder; name = SDGGameplay; path = Packages/SDGGameplay; sourceTree = SOURCE_ROOT; };
		80AA544620317771F9A1EC52 /* Footstep_Concrete_01.m4a */ = {isa = PBXFileReference; path = Footstep_Concrete_01.m4a; sourceTree = "<group>"; };
		80AE94C5C9B31EC53A76E503 /* Character_Kaede.usdz */ = {isa = PBXFileReference; lastKnownFileType = file.usdz; path = Character_Kaede.usdz; sourceTree = "<group>"; };
		851EAE20BF238919AEF68AF7 /* Assets.xcassets */ = {isa = PBXFileReference; lastKnownFileType = folder.assetcatalog; path = Assets.xcassets; sourceTree = "<group>"; };
		8694CF5E24F321065A468DCB /* quest2.1.json */ = {isa = PBXFileReference; lastKnownFileType = text.json; path = quest2.1.json; sourceTree = "<group>"; };
		8B71EDC43A63EF5504A8E0E5 /* quest4.4.json */ = {isa = PBXFileReference; lastKnownFileType = text.json; path = quest4.4.json; sourceTree = "<group>"; };
		8F42CB691D223AE00736EADA /* Drill_Impact_01.m4a */ = {isa = PBXFileReference; path = Drill_Impact_01.m4a; sourceTree = "<group>"; };
		99EF933E109C812FADAFBB8A /* Character_Player_Female.usdz */ = {isa = PBXFileReference; lastKnownFileType = file.usdz; path = Character_Player_Female.usdz; sourceTree = "<group>"; };
		9C889609AF12318D3CD91D52 /* Character_ResearcherA.usdz */ = {isa = PBXFileReference; lastKnownFileType = file.usdz; path = Character_ResearcherA.usdz; sourceTree = "<group>"; };
		9F9D3DAE9D560613A22B42DC /* UI_TapAlt.m4a */ = {isa = PBXFileReference; path = UI_TapAlt.m4a; sourceTree = "<group>"; };
		A2BF47CD2A4EA6E865E1D0FA /* Drill_Metal_Heavy.m4a */ = {isa = PBXFileReference; path = Drill_Metal_Heavy.m4a; sourceTree = "<group>"; };
		A4E53C6AEDBDB842F970D0D1 /* Feedback_Success.m4a */ = {isa = PBXFileReference; path = Feedback_Success.m4a; sourceTree = "<group>"; };
		ADC81C83A1C4AEE3175722E8 /* quest3.2.json */ = {isa = PBXFileReference; lastKnownFileType = text.json; path = quest3.2.json; sourceTree = "<group>"; };
		B69B33769D1B45FAA1FDE025 /* Environment_Sendai_57403607.usdz */ = {isa = PBXFileReference; lastKnownFileType = file.usdz; path = Environment_Sendai_57403607.usdz; sourceTree = "<group>"; };
		B973E0356C5CA1D62A3CF3F2 /* Footstep_Wood_02.m4a */ = {isa = PBXFileReference; path = Footstep_Wood_02.m4a; sourceTree = "<group>"; };
		BC44983C01DA4BCC2F43AAA6 /* Environment_Sendai_57403619.usdz */ = {isa = PBXFileReference; lastKnownFileType = file.usdz; path = Environment_Sendai_57403619.usdz; sourceTree = "<group>"; };
		BC798CEA09AB97A153A4BC27 /* SDGCore */ = {isa = PBXFileReference; lastKnownFileType = folder; name = SDGCore; path = Packages/SDGCore; sourceTree = SOURCE_ROOT; };
		C4CF95C416CE0D4B7031CBC9 /* Feedback_Chime.m4a */ = {isa = PBXFileReference; path = Feedback_Chime.m4a; sourceTree = "<group>"; };
		C4E0D8CEF0F48C28090E9BC0 /* Feedback_Notify.m4a */ = {isa = PBXFileReference; path = Feedback_Notify.m4a; sourceTree = "<group>"; };
		C6421128B83CF093D2E6248E /* quest4.3.json */ = {isa = PBXFileReference; lastKnownFileType = text.json; path = quest4.3.json; sourceTree = "<group>"; };
		D7453400397B5F3198F07DCB /* SendaiGLab.app */ = {isa = PBXFileReference; includeInIndex = 0; lastKnownFileType = wrapper.application; path = SendaiGLab.app; sourceTree = BUILT_PRODUCTS_DIR; };
		D859A25E10C0ABACFD92FBA4 /* quest1.2.json */ = {isa = PBXFileReference; lastKnownFileType = text.json; path = quest1.2.json; sourceTree = "<group>"; };
		DC78C97E4E02A9D3F86E38A1 /* Drill_Impact_04.m4a */ = {isa = PBXFileReference; path = Drill_Impact_04.m4a; sourceTree = "<group>"; };
		E02A0D5CED6B12495C6BB963 /* quest5.2.json */ = {isa = PBXFileReference; lastKnownFileType = text.json; path = quest5.2.json; sourceTree = "<group>"; };
		EC91E144116FC0A33EB5D676 /* UI_Open.m4a */ = {isa = PBXFileReference; path = UI_Open.m4a; sourceTree = "<group>"; };
		F44D2E0DFA8A57D80924E844 /* Environment_Sendai_57403618.usdz */ = {isa = PBXFileReference; lastKnownFileType = file.usdz; path = Environment_Sendai_57403618.usdz; sourceTree = "<group>"; };
		FA0FDF6FAB87BB1B12B37139 /* Character_Teacher.usdz */ = {isa = PBXFileReference; lastKnownFileType = file.usdz; path = Character_Teacher.usdz; sourceTree = "<group>"; };
		"TEMP_68D57FAE-404B-4A33-917A-16246045766D" /* LocalSigning.xcconfig */ = {isa = PBXFileReference; lastKnownFileType = text.xcconfig; path = LocalSigning.xcconfig; sourceTree = "<group>"; };
/* End PBXFileReference section */

/* Begin PBXFrameworksBuildPhase section */
		0502115409F57ED05908BA4F /* Frameworks */ = {
			isa = PBXFrameworksBuildPhase;
			buildActionMask = 2147483647;
			files = (
				AEADBC39A744E5EFA2D2BBCC /* SDGCore in Frameworks */,
				F0303CC21118AF3D96C58136 /* SDGGameplay in Frameworks */,
				210F564EB19CC8FC2F109B91 /* SDGUI in Frameworks */,
				52DE50367B8F9BF1542CF39E /* SDGPlatform in Frameworks */,
			);
			runOnlyForDeploymentPostprocessing = 0;
		};
/* End PBXFrameworksBuildPhase section */

/* Begin PBXGroup section */
		053A36DD9CDC7DDD501502EA /* feedback */ = {
			isa = PBXGroup;
			children = (
				C4CF95C416CE0D4B7031CBC9 /* Feedback_Chime.m4a */,
				006F88F90188A939A3CB7CD0 /* Feedback_Failure.m4a */,
				C4E0D8CEF0F48C28090E9BC0 /* Feedback_Notify.m4a */,
				A4E53C6AEDBDB842F970D0D1 /* Feedback_Success.m4a */,
			);
			path = feedback;
			sourceTree = "<group>";
		};
		0F9CB74952C2D4E9F1409BF8 /* Geology */ = {
			isa = PBXGroup;
			children = (
				3390B9CD745D97E73FDA1830 /* test_outcrop.json */,
				1A3AD22026AC2B0BF0D748B8 /* thin_section_index.json */,
			);
			path = Geology;
			sourceTree = "<group>";
		};
		25B80FCFA0E89E5BA1A59B80 /* SendaiGLab */ = {
			isa = PBXGroup;
			children = (
				851EAE20BF238919AEF68AF7 /* Assets.xcassets */,
				3BE1339749E907F62D014261 /* ContentView.swift */,
				41234A757A6A535C11DD800A /* SendaiGLabApp.swift */,
			);
			path = SendaiGLab;
			sourceTree = "<group>";
		};
		28B511D920009950747FF99C /* ui */ = {
			isa = PBXGroup;
			children = (
				12FA317EACC3ECD1C4F5D1FD /* UI_Close.m4a */,
				3DD8C9D91DE57856CBF17ACB /* UI_Hover.m4a */,
				EC91E144116FC0A33EB5D676 /* UI_Open.m4a */,
				0A1875407BFAC1C39768B20D /* UI_TabSelect.m4a */,
				02A05DDEE66B535D8BB3BFFF /* UI_Tap.m4a */,
				9F9D3DAE9D560613A22B42DC /* UI_TapAlt.m4a */,
				7CB12A14AE704CF15446E404 /* UI_Toggle.m4a */,
			);
			path = ui;
			sourceTree = "<group>";
		};
		29CDA6851987A0EA91242BAE = {
			isa = PBXGroup;
			children = (
				B4D329C318F3C02C2B23380A /* Packages */,
				6C2C573AACF2FE313C0BBEB1 /* Resources */,
				25B80FCFA0E89E5BA1A59B80 /* SendaiGLab */,
				4E02A08720BA0C08208661CD /* Products */,
			);
			sourceTree = "<group>";
		};
		408588FDBFCB9BD67AA0D8B8 /* Story */ = {
			isa = PBXGroup;
			children = (
				72C6241A56F5D88A94E4A580 /* quest1.1.json */,
				D859A25E10C0ABACFD92FBA4 /* quest1.2.json */,
				8694CF5E24F321065A468DCB /* quest2.1.json */,
				44A5A1F726F900CD04DA0F77 /* quest3.1.json */,
				ADC81C83A1C4AEE3175722E8 /* quest3.2.json */,
				31FB820BBDC01621FF01B22F /* quest3.3.json */,
				7A5F28FEF326E542A6D1CA12 /* quest3.4.json */,
				6A711DA49E85E14532802171 /* quest4.1.json */,
				3C74AFDD59667CEFCD48CFBD /* quest4.2.json */,
				C6421128B83CF093D2E6248E /* quest4.3.json */,
				8B71EDC43A63EF5504A8E0E5 /* quest4.4.json */,
				6FC93FAA121F5D7CB7AC4389 /* quest5.1.json */,
				E02A0D5CED6B12495C6BB963 /* quest5.2.json */,
				5A8B15CCA68671602561A120 /* quest6.1.json */,
			);
			path = Story;
			sourceTree = "<group>";
		};
		4E02A08720BA0C08208661CD /* Products */ = {
			isa = PBXGroup;
			children = (
				D7453400397B5F3198F07DCB /* SendaiGLab.app */,
			);
			name = Products;
			sourceTree = "<group>";
		};
		50E022535B8ADD9DB130BDA2 /* Characters */ = {
			isa = PBXGroup;
			children = (
				80AE94C5C9B31EC53A76E503 /* Character_Kaede.usdz */,
				99EF933E109C812FADAFBB8A /* Character_Player_Female.usdz */,
				17CE82E0BEA3B9A5F70CD1FB /* Character_Player_Male.usdz */,
				9C889609AF12318D3CD91D52 /* Character_ResearcherA.usdz */,
				FA0FDF6FAB87BB1B12B37139 /* Character_Teacher.usdz */,
			);
			path = Characters;
			sourceTree = "<group>";
		};
		57F4DD5EFA93EF1EC82F74F1 /* drill */ = {
			isa = PBXGroup;
			children = (
				8F42CB691D223AE00736EADA /* Drill_Impact_01.m4a */,
				35F0A6D1D04A690E39266574 /* Drill_Impact_02.m4a */,
				0D99A76AD617BCF64659B079 /* Drill_Impact_03.m4a */,
				DC78C97E4E02A9D3F86E38A1 /* Drill_Impact_04.m4a */,
				A2BF47CD2A4EA6E865E1D0FA /* Drill_Metal_Heavy.m4a */,
			);
			path = drill;
			sourceTree = "<group>";
		};
		6C2C573AACF2FE313C0BBEB1 /* Resources */ = {
			isa = PBXGroup;
			children = (
				7F4413307367728BC455040F /* Audio */,
				50E022535B8ADD9DB130BDA2 /* Characters */,
				D49226E99B21C4FA8E53D1F5 /* Environment */,
				0F9CB74952C2D4E9F1409BF8 /* Geology */,
				C1D16576498BE1FD9974CDE4 /* Localization */,
				408588FDBFCB9BD67AA0D8B8 /* Story */,
			);
			path = Resources;
			sourceTree = "<group>";
		};
		7F4413307367728BC455040F /* Audio */ = {
			isa = PBXGroup;
			children = (
				E6242CD819DB951D53851715 /* SFX */,
				251BDC17B567DF595E5C66BE /* README.md */,
			);
			path = Audio;
			sourceTree = "<group>";
		};
		B4D329C318F3C02C2B23380A /* Packages */ = {
			isa = PBXGroup;
			children = (
				BC798CEA09AB97A153A4BC27 /* SDGCore */,
				7D6B5476525BB5980361D39A /* SDGGameplay */,
				0897607016453118E9871183 /* SDGPlatform */,
				3373356DF7535D4925743435 /* SDGUI */,
			);
			path = Packages;
			sourceTree = "<group>";
		};
		C1D16576498BE1FD9974CDE4 /* Localization */ = {
			isa = PBXGroup;
			children = (
				5399CE9B1C20002EA549B2DC /* Localizable.xcstrings */,
			);
			path = Localization;
			sourceTree = "<group>";
		};
		D49226E99B21C4FA8E53D1F5 /* Environment */ = {
			isa = PBXGroup;
			children = (
				B69B33769D1B45FAA1FDE025 /* Environment_Sendai_57403607.usdz */,
				4C1352849943FF91A9EAC417 /* Environment_Sendai_57403608.usdz */,
				2EDB22760868C5AFF2A9BAFA /* Environment_Sendai_57403617.usdz */,
				F44D2E0DFA8A57D80924E844 /* Environment_Sendai_57403618.usdz */,
				BC44983C01DA4BCC2F43AAA6 /* Environment_Sendai_57403619.usdz */,
				5563C4CE1C0F144D04AB518C /* Terrain_Sendai_574036_05.usdz */,
			);
			path = Environment;
			sourceTree = "<group>";
		};
		E4DACCBCC9D22C96DA8DB5EB /* footstep */ = {
			isa = PBXGroup;
			children = (
				80AA544620317771F9A1EC52 /* Footstep_Concrete_01.m4a */,
				12C8D9271B17A21249403187 /* Footstep_Concrete_02.m4a */,
				52AAECA8BA8AB48ECD87F0ED /* Footstep_Grass_01.m4a */,
				0DDBDBD92ACC78B7C85A30FD /* Footstep_Grass_02.m4a */,
				31266953DD7B04E4FDEFAC52 /* Footstep_Wood_01.m4a */,
				B973E0356C5CA1D62A3CF3F2 /* Footstep_Wood_02.m4a */,
			);
			path = footstep;
			sourceTree = "<group>";
		};
		E6242CD819DB951D53851715 /* SFX */ = {
			isa = PBXGroup;
			children = (
				57F4DD5EFA93EF1EC82F74F1 /* drill */,
				053A36DD9CDC7DDD501502EA /* feedback */,
				E4DACCBCC9D22C96DA8DB5EB /* footstep */,
				28B511D920009950747FF99C /* ui */,
			);
			path = SFX;
			sourceTree = "<group>";
		};
		"TEMP_6E24A77D-282C-44CD-8F6F-8180C53B2BFF" /* sendai_glab */ = {
			isa = PBXGroup;
			children = (
				"TEMP_68D57FAE-404B-4A33-917A-16246045766D" /* LocalSigning.xcconfig */,
			);
			path = sendai_glab;
			sourceTree = "<group>";
		};
/* End PBXGroup section */

/* Begin PBXNativeTarget section */
		0D75B5B4B1D79AE38DFB2EC0 /* SendaiGLab */ = {
			isa = PBXNativeTarget;
			buildConfigurationList = 574870A4F234F845F829ABF4 /* Build configuration list for PBXNativeTarget "SendaiGLab" */;
			buildPhases = (
				41C116943C8C9A0D12477981 /* Sources */,
				277FEA8EBA3FAAD9B1A68399 /* Resources */,
				0502115409F57ED05908BA4F /* Frameworks */,
			);
			buildRules = (
			);
			dependencies = (
			);
			name = SendaiGLab;
			packageProductDependencies = (
				E846777A7C002420F24EC68F /* SDGCore */,
				C24A883783D9DFBE2B604573 /* SDGGameplay */,
				B10C1CEC652506FB6A2A274A /* SDGUI */,
				26DEE95F3289A53AC291AE69 /* SDGPlatform */,
			);
			productName = SendaiGLab;
			productReference = D7453400397B5F3198F07DCB /* SendaiGLab.app */;
			productType = "com.apple.product-type.application";
		};
/* End PBXNativeTarget section */

/* Begin PBXProject section */
		9BDD0F46F705929339984CDA /* Project object */ = {
			isa = PBXProject;
			attributes = {
				BuildIndependentTargetsInParallel = YES;
				LastUpgradeCheck = 1500;
				TargetAttributes = {
					0D75B5B4B1D79AE38DFB2EC0 = {
						DevelopmentTeam = Y4FV6WUU4V;
						ProvisioningStyle = Automatic;
					};
				};
			};
			buildConfigurationList = 11D221BCD2288EA49F0AE828 /* Build configuration list for PBXProject "SendaiGLab" */;
			developmentRegion = en;
			hasScannedForEncodings = 0;
			knownRegions = (
				Base,
				en,
				ja,
				"zh-Hans",
			);
			mainGroup = 29CDA6851987A0EA91242BAE;
			minimizedProjectReferenceProxies = 1;
			packageReferences = (
				481CF4B51BD655E73CF1763C /* XCLocalSwiftPackageReference "Packages/SDGCore" */,
				1969A971C0CB17521A5521C6 /* XCLocalSwiftPackageReference "Packages/SDGGameplay" */,
				BFE882879F810DE4A04F6B5C /* XCLocalSwiftPackageReference "Packages/SDGPlatform" */,
				B82E142E6A98F97CB3799527 /* XCLocalSwiftPackageReference "Packages/SDGUI" */,
			);
			preferredProjectObjectVersion = 77;
			productRefGroup = 4E02A08720BA0C08208661CD /* Products */;
			projectDirPath = "";
			projectRoot = "";
			targets = (
				0D75B5B4B1D79AE38DFB2EC0 /* SendaiGLab */,
			);
		};
/* End PBXProject section */

/* Begin PBXResourcesBuildPhase section */
		277FEA8EBA3FAAD9B1A68399 /* Resources */ = {
			isa = PBXResourcesBuildPhase;
			buildActionMask = 2147483647;
			files = (
				A76D0AA1C444E67E1F3417E6 /* Assets.xcassets in Resources */,
				BD8CA558B00226E0964ACCF6 /* Character_Kaede.usdz in Resources */,
				FFC42E8C6CC120E4815395CF /* Character_Player_Female.usdz in Resources */,
				55ED3669A9819E3A533D31C3 /* Character_Player_Male.usdz in Resources */,
				60F8CBD4A9E72CF453F3478D /* Character_ResearcherA.usdz in Resources */,
				A8DF6224E14598E7C667A5DF /* Character_Teacher.usdz in Resources */,
				CDA01359F898F842D1D4D5ED /* Drill_Impact_01.m4a in Resources */,
				F2E9DCF251FD73E77827664D /* Drill_Impact_02.m4a in Resources */,
				9A7E1B5DCC8D73B7D91F1C1D /* Drill_Impact_03.m4a in Resources */,
				AAB6B2702332A598CC1DA95B /* Drill_Impact_04.m4a in Resources */,
				D85EA31F113AE03AF0AA3AA6 /* Drill_Metal_Heavy.m4a in Resources */,
				EE238305E0BCD8BA351989DB /* Environment_Sendai_57403607.usdz in Resources */,
				93032124B706821CE7A72907 /* Environment_Sendai_57403608.usdz in Resources */,
				A0A7B31ECC15FA88F48827B7 /* Environment_Sendai_57403617.usdz in Resources */,
				3B7CFBC49966E0840945666B /* Environment_Sendai_57403618.usdz in Resources */,
				C89F3D017DBD84B5DEB464F0 /* Environment_Sendai_57403619.usdz in Resources */,
				540DDB64E0056D9F522EDF0F /* Feedback_Chime.m4a in Resources */,
				FC21BC847E9537DCB0FF99B7 /* Feedback_Failure.m4a in Resources */,
				3E5C782462B12E605935F4DB /* Feedback_Notify.m4a in Resources */,
				223210821C709E682F2842B1 /* Feedback_Success.m4a in Resources */,
				4741F33A9BC4D9CA2F1EB939 /* Footstep_Concrete_01.m4a in Resources */,
				899ECDE4C6FA3DE8EDF66C79 /* Footstep_Concrete_02.m4a in Resources */,
				B2C7A3BD48451E73454B604E /* Footstep_Grass_01.m4a in Resources */,
				3B662349F040996DEF82197F /* Footstep_Grass_02.m4a in Resources */,
				F403E35F26DA747625116E91 /* Footstep_Wood_01.m4a in Resources */,
				D43F7487D8832A74EDA27075 /* Footstep_Wood_02.m4a in Resources */,
				7F18ADF68A6296BE43C84D36 /* Localizable.xcstrings in Resources */,
				712DEE5923CA0DAFBDED555B /* README.md in Resources */,
				DAB2FE8F777F9E3C4EC80CE6 /* Terrain_Sendai_574036_05.usdz in Resources */,
				9F2252C766F8558C6812B20E /* UI_Close.m4a in Resources */,
				8543E3EE190203FF9A22A799 /* UI_Hover.m4a in Resources */,
				B8355E90552EC3A03541E7F1 /* UI_Open.m4a in Resources */,
				81853AD18EAA8AEF31FEA713 /* UI_TabSelect.m4a in Resources */,
				892F22E92E731A07067567FB /* UI_Tap.m4a in Resources */,
				BB4C4CEE27C14BE55FBC893D /* UI_TapAlt.m4a in Resources */,
				5E1FA91B743B4C35FA036697 /* UI_Toggle.m4a in Resources */,
				10FC540E82B51BE63A50131E /* quest1.1.json in Resources */,
				B0091DB3525751D9587EC08C /* quest1.2.json in Resources */,
				03B5A3133371A450049720F5 /* quest2.1.json in Resources */,
				B6ACA1C2C812E8F0FCF68663 /* quest3.1.json in Resources */,
				F2EF95FE30029B6EC9D6D1B9 /* quest3.2.json in Resources */,
				3785C88F163A60111210F00C /* quest3.3.json in Resources */,
				D990E3838AF22D0D300F6EBE /* quest3.4.json in Resources */,
				CD9441844CAF776C54A7B5A9 /* quest4.1.json in Resources */,
				93C0F17EEF9F06E64C4447FE /* quest4.2.json in Resources */,
				C6333C8E720A934480D3B15B /* quest4.3.json in Resources */,
				250D4A4C4F03E93C6EE26BC5 /* quest4.4.json in Resources */,
				04B3683B6E5B8D9840A85098 /* quest5.1.json in Resources */,
				387C4B0964DC762ACD2A17C1 /* quest5.2.json in Resources */,
				E1A0ADE8EA224109B8FFE37A /* quest6.1.json in Resources */,
				2AE2BCD11548D82AF22F05EE /* test_outcrop.json in Resources */,
				B335D79E478BB634C04D9897 /* thin_section_index.json in Resources */,
			);
			runOnlyForDeploymentPostprocessing = 0;
		};
/* End PBXResourcesBuildPhase section */

/* Begin PBXSourcesBuildPhase section */
		41C116943C8C9A0D12477981 /* Sources */ = {
			isa = PBXSourcesBuildPhase;
			buildActionMask = 2147483647;
			files = (
				61F36F87C2635298C66AEAD3 /* ContentView.swift in Sources */,
				0BAD3697E1AC691652AD5D03 /* SendaiGLabApp.swift in Sources */,
			);
			runOnlyForDeploymentPostprocessing = 0;
		};
/* End PBXSourcesBuildPhase section */

/* Begin XCBuildConfiguration section */
		5AAF9D3411E71AFAEE721073 /* Debug */ = {
			isa = XCBuildConfiguration;
			buildSettings = {
				ALWAYS_SEARCH_USER_PATHS = NO;
				CLANG_ANALYZER_NONNULL = YES;
				CLANG_ANALYZER_NUMBER_OBJECT_CONVERSION = YES_AGGRESSIVE;
				CLANG_CXX_LANGUAGE_STANDARD = "gnu++14";
				CLANG_CXX_LIBRARY = "libc++";
				CLANG_ENABLE_MODULES = YES;
				CLANG_ENABLE_OBJC_ARC = YES;
				CLANG_ENABLE_OBJC_WEAK = YES;
				CLANG_WARN_BLOCK_CAPTURE_AUTORELEASING = YES;
				CLANG_WARN_BOOL_CONVERSION = YES;
				CLANG_WARN_COMMA = YES;
				CLANG_WARN_CONSTANT_CONVERSION = YES;
				CLANG_WARN_DEPRECATED_OBJC_IMPLEMENTATIONS = YES;
				CLANG_WARN_DIRECT_OBJC_ISA_USAGE = YES_ERROR;
				CLANG_WARN_DOCUMENTATION_COMMENTS = YES;
				CLANG_WARN_EMPTY_BODY = YES;
				CLANG_WARN_ENUM_CONVERSION = YES;
				CLANG_WARN_INFINITE_RECURSION = YES;
				CLANG_WARN_INT_CONVERSION = YES;
				CLANG_WARN_NON_LITERAL_NULL_CONVERSION = YES;
				CLANG_WARN_OBJC_IMPLICIT_RETAIN_SELF = YES;
				CLANG_WARN_OBJC_LITERAL_CONVERSION = YES;
				CLANG_WARN_OBJC_ROOT_CLASS = YES_ERROR;
				CLANG_WARN_QUOTED_INCLUDE_IN_FRAMEWORK_HEADER = YES;
				CLANG_WARN_RANGE_LOOP_ANALYSIS = YES;
				CLANG_WARN_STRICT_PROTOTYPES = YES;
				CLANG_WARN_SUSPICIOUS_MOVE = YES;
				CLANG_WARN_UNGUARDED_AVAILABILITY = YES_AGGRESSIVE;
				CLANG_WARN_UNREACHABLE_CODE = YES;
				CLANG_WARN__DUPLICATE_METHOD_MATCH = YES;
				COPY_PHASE_STRIP = NO;
				CURRENT_PROJECT_VERSION = 1;
				DEBUG_INFORMATION_FORMAT = dwarf;
				ENABLE_STRICT_OBJC_MSGSEND = YES;
				ENABLE_TESTABILITY = YES;
				ENABLE_USER_SCRIPT_SANDBOXING = YES;
				GCC_C_LANGUAGE_STANDARD = gnu11;
				GCC_DYNAMIC_NO_PIC = NO;
				GCC_NO_COMMON_BLOCKS = YES;
				GCC_OPTIMIZATION_LEVEL = 0;
				GCC_PREPROCESSOR_DEFINITIONS = (
					"$(inherited)",
					"DEBUG=1",
				);
				GCC_WARN_64_TO_32_BIT_CONVERSION = YES;
				GCC_WARN_ABOUT_RETURN_TYPE = YES_ERROR;
				GCC_WARN_UNDECLARED_SELECTOR = YES;
				GCC_WARN_UNINITIALIZED_AUTOS = YES_AGGRESSIVE;
				GCC_WARN_UNUSED_FUNCTION = YES;
				GCC_WARN_UNUSED_VARIABLE = YES;
				IPHONEOS_DEPLOYMENT_TARGET = 18.0;
				MARKETING_VERSION = 0.1.0;
				MTL_ENABLE_DEBUG_INFO = INCLUDE_SOURCE;
				MTL_FAST_MATH = YES;
				ONLY_ACTIVE_ARCH = YES;
				PRODUCT_NAME = "$(TARGET_NAME)";
				SDKROOT = iphoneos;
				SWIFT_ACTIVE_COMPILATION_CONDITIONS = DEBUG;
				SWIFT_OPTIMIZATION_LEVEL = "-Onone";
				SWIFT_STRICT_CONCURRENCY = complete;
				SWIFT_VERSION = 5.0;
			};
			name = Debug;
		};
		A18825CECF467420BB9E11DC /* Release */ = {
			isa = XCBuildConfiguration;
			baseConfigurationReference = "TEMP_68D57FAE-404B-4A33-917A-16246045766D" /* LocalSigning.xcconfig */;
			buildSettings = {
				ASSETCATALOG_COMPILER_APPICON_NAME = AppIcon;
				ASSETCATALOG_COMPILER_GLOBAL_ACCENT_COLOR_NAME = AccentColor;
				CODE_SIGN_IDENTITY = "iPhone Developer";
				GENERATE_INFOPLIST_FILE = YES;
				INFOPLIST_KEY_CFBundleDisplayName = "SDG-Lab";
				INFOPLIST_KEY_LSApplicationCategoryType = "public.app-category.education";
				INFOPLIST_KEY_UIApplicationSceneManifest_Generation = YES;
				INFOPLIST_KEY_UIApplicationSupportsIndirectInputEvents = YES;
				INFOPLIST_KEY_UILaunchScreen_Generation = YES;
				INFOPLIST_KEY_UIRequiresFullScreen = YES;
				INFOPLIST_KEY_UISupportedInterfaceOrientations = "UIInterfaceOrientationLandscapeLeft UIInterfaceOrientationLandscapeRight";
				INFOPLIST_KEY_UISupportedInterfaceOrientations_iPad = "UIInterfaceOrientationLandscapeLeft UIInterfaceOrientationLandscapeRight";
				IPHONEOS_DEPLOYMENT_TARGET = 18.0;
				LD_RUNPATH_SEARCH_PATHS = (
					"$(inherited)",
					"@executable_path/Frameworks",
				);
				PRODUCT_BUNDLE_IDENTIFIER = "jp.tohoku-gakuin.fshera.sendai-glab";
				PRODUCT_NAME = SendaiGLab;
				SDKROOT = iphoneos;
				TARGETED_DEVICE_FAMILY = "1,2";
			};
			name = Release;
		};
		F5DADD0256D10C81F8E21E99 /* Release */ = {
			isa = XCBuildConfiguration;
			buildSettings = {
				ALWAYS_SEARCH_USER_PATHS = NO;
				CLANG_ANALYZER_NONNULL = YES;
				CLANG_ANALYZER_NUMBER_OBJECT_CONVERSION = YES_AGGRESSIVE;
				CLANG_CXX_LANGUAGE_STANDARD = "gnu++14";
				CLANG_CXX_LIBRARY = "libc++";
				CLANG_ENABLE_MODULES = YES;
				CLANG_ENABLE_OBJC_ARC = YES;
				CLANG_ENABLE_OBJC_WEAK = YES;
				CLANG_WARN_BLOCK_CAPTURE_AUTORELEASING = YES;
				CLANG_WARN_BOOL_CONVERSION = YES;
				CLANG_WARN_COMMA = YES;
				CLANG_WARN_CONSTANT_CONVERSION = YES;
				CLANG_WARN_DEPRECATED_OBJC_IMPLEMENTATIONS = YES;
				CLANG_WARN_DIRECT_OBJC_ISA_USAGE = YES_ERROR;
				CLANG_WARN_DOCUMENTATION_COMMENTS = YES;
				CLANG_WARN_EMPTY_BODY = YES;
				CLANG_WARN_ENUM_CONVERSION = YES;
				CLANG_WARN_INFINITE_RECURSION = YES;
				CLANG_WARN_INT_CONVERSION = YES;
				CLANG_WARN_NON_LITERAL_NULL_CONVERSION = YES;
				CLANG_WARN_OBJC_IMPLICIT_RETAIN_SELF = YES;
				CLANG_WARN_OBJC_LITERAL_CONVERSION = YES;
				CLANG_WARN_OBJC_ROOT_CLASS = YES_ERROR;
				CLANG_WARN_QUOTED_INCLUDE_IN_FRAMEWORK_HEADER = YES;
				CLANG_WARN_RANGE_LOOP_ANALYSIS = YES;
				CLANG_WARN_STRICT_PROTOTYPES = YES;
				CLANG_WARN_SUSPICIOUS_MOVE = YES;
				CLANG_WARN_UNGUARDED_AVAILABILITY = YES_AGGRESSIVE;
				CLANG_WARN_UNREACHABLE_CODE = YES;
				CLANG_WARN__DUPLICATE_METHOD_MATCH = YES;
				COPY_PHASE_STRIP = NO;
				CURRENT_PROJECT_VERSION = 1;
				DEBUG_INFORMATION_FORMAT = "dwarf-with-dsym";
				ENABLE_NS_ASSERTIONS = NO;
				ENABLE_STRICT_OBJC_MSGSEND = YES;
				ENABLE_USER_SCRIPT_SANDBOXING = YES;
				GCC_C_LANGUAGE_STANDARD = gnu11;
				GCC_NO_COMMON_BLOCKS = YES;
				GCC_WARN_64_TO_32_BIT_CONVERSION = YES;
				GCC_WARN_ABOUT_RETURN_TYPE = YES_ERROR;
				GCC_WARN_UNDECLARED_SELECTOR = YES;
				GCC_WARN_UNINITIALIZED_AUTOS = YES_AGGRESSIVE;
				GCC_WARN_UNUSED_FUNCTION = YES;
				GCC_WARN_UNUSED_VARIABLE = YES;
				IPHONEOS_DEPLOYMENT_TARGET = 18.0;
				MARKETING_VERSION = 0.1.0;
				MTL_ENABLE_DEBUG_INFO = NO;
				MTL_FAST_MATH = YES;
				PRODUCT_NAME = "$(TARGET_NAME)";
				SDKROOT = iphoneos;
				SWIFT_COMPILATION_MODE = wholemodule;
				SWIFT_OPTIMIZATION_LEVEL = "-O";
				SWIFT_STRICT_CONCURRENCY = complete;
				SWIFT_VERSION = 5.0;
			};
			name = Release;
		};
		FD7DEEC2B67B5D0A13C5A26E /* Debug */ = {
			isa = XCBuildConfiguration;
			baseConfigurationReference = "TEMP_68D57FAE-404B-4A33-917A-16246045766D" /* LocalSigning.xcconfig */;
			buildSettings = {
				ASSETCATALOG_COMPILER_APPICON_NAME = AppIcon;
				ASSETCATALOG_COMPILER_GLOBAL_ACCENT_COLOR_NAME = AccentColor;
				CODE_SIGN_IDENTITY = "iPhone Developer";
				GENERATE_INFOPLIST_FILE = YES;
				INFOPLIST_KEY_CFBundleDisplayName = "SDG-Lab";
				INFOPLIST_KEY_LSApplicationCategoryType = "public.app-category.education";
				INFOPLIST_KEY_UIApplicationSceneManifest_Generation = YES;
				INFOPLIST_KEY_UIApplicationSupportsIndirectInputEvents = YES;
				INFOPLIST_KEY_UILaunchScreen_Generation = YES;
				INFOPLIST_KEY_UIRequiresFullScreen = YES;
				INFOPLIST_KEY_UISupportedInterfaceOrientations = "UIInterfaceOrientationLandscapeLeft UIInterfaceOrientationLandscapeRight";
				INFOPLIST_KEY_UISupportedInterfaceOrientations_iPad = "UIInterfaceOrientationLandscapeLeft UIInterfaceOrientationLandscapeRight";
				IPHONEOS_DEPLOYMENT_TARGET = 18.0;
				LD_RUNPATH_SEARCH_PATHS = (
					"$(inherited)",
					"@executable_path/Frameworks",
				);
				PRODUCT_BUNDLE_IDENTIFIER = "jp.tohoku-gakuin.fshera.sendai-glab";
				PRODUCT_NAME = SendaiGLab;
				SDKROOT = iphoneos;
				TARGETED_DEVICE_FAMILY = "1,2";
			};
			name = Debug;
		};
/* End XCBuildConfiguration section */

/* Begin XCConfigurationList section */
		11D221BCD2288EA49F0AE828 /* Build configuration list for PBXProject "SendaiGLab" */ = {
			isa = XCConfigurationList;
			buildConfigurations = (
				5AAF9D3411E71AFAEE721073 /* Debug */,
				F5DADD0256D10C81F8E21E99 /* Release */,
			);
			defaultConfigurationIsVisible = 0;
			defaultConfigurationName = Debug;
		};
		574870A4F234F845F829ABF4 /* Build configuration list for PBXNativeTarget "SendaiGLab" */ = {
			isa = XCConfigurationList;
			buildConfigurations = (
				FD7DEEC2B67B5D0A13C5A26E /* Debug */,
				A18825CECF467420BB9E11DC /* Release */,
			);
			defaultConfigurationIsVisible = 0;
			defaultConfigurationName = Debug;
		};
/* End XCConfigurationList section */

/* Begin XCLocalSwiftPackageReference section */
		1969A971C0CB17521A5521C6 /* XCLocalSwiftPackageReference "Packages/SDGGameplay" */ = {
			isa = XCLocalSwiftPackageReference;
			relativePath = Packages/SDGGameplay;
		};
		481CF4B51BD655E73CF1763C /* XCLocalSwiftPackageReference "Packages/SDGCore" */ = {
			isa = XCLocalSwiftPackageReference;
			relativePath = Packages/SDGCore;
		};
		B82E142E6A98F97CB3799527 /* XCLocalSwiftPackageReference "Packages/SDGUI" */ = {
			isa = XCLocalSwiftPackageReference;
			relativePath = Packages/SDGUI;
		};
		BFE882879F810DE4A04F6B5C /* XCLocalSwiftPackageReference "Packages/SDGPlatform" */ = {
			isa = XCLocalSwiftPackageReference;
			relativePath = Packages/SDGPlatform;
		};
/* End XCLocalSwiftPackageReference section */

/* Begin XCSwiftPackageProductDependency section */
		26DEE95F3289A53AC291AE69 /* SDGPlatform */ = {
			isa = XCSwiftPackageProductDependency;
			productName = SDGPlatform;
		};
		B10C1CEC652506FB6A2A274A /* SDGUI */ = {
			isa = XCSwiftPackageProductDependency;
			productName = SDGUI;
		};
		C24A883783D9DFBE2B604573 /* SDGGameplay */ = {
			isa = XCSwiftPackageProductDependency;
			productName = SDGGameplay;
		};
		E846777A7C002420F24EC68F /* SDGCore */ = {
			isa = XCSwiftPackageProductDependency;
			productName = SDGCore;
		};
/* End XCSwiftPackageProductDependency section */
	};
	rootObject = 9BDD0F46F705929339984CDA /* Project object */;
}
